
Microsoft Visual Studio Solution File, Format Version 12.00
# Visual Studio Version 16
VisualStudioVersion = 16.0.32630.194
MinimumVisualStudioVersion = 10.0.40219.1
Project("{FAE04EC0-301F-11D3-BF4B-00C04F79EFBC}") = "auto top up", "auto top up\auto top up.csproj", "{1931F04D-C577-4E37-B5DF-4753B7837D92}"
EndProject
Global
	GlobalSection(SolutionConfigurationPlatforms) = preSolution
		Debug|Any CPU = Debug|Any CPU
		Release|Any CPU = Release|Any CPU
	EndGlobalSection
	GlobalSection(ProjectConfigurationPlatforms) = postSolution
		{1931F04D-C577-4E37-B5DF-4753B7837D92}.Debug|Any CPU.ActiveCfg = Debug|Any CPU
		{1931F04D-C577-4E37-B5DF-4753B7837D92}.Debug|Any CPU.Build.0 = Debug|Any CPU
		{1931F04D-C577-4E37-B5DF-4753B7837D92}.Release|Any CPU.ActiveCfg = Release|Any CPU
		{1931F04D-C577-4E37-B5DF-4753B7837D92}.Release|Any CPU.Build.0 = Release|Any CPU
	EndGlobalSection
	GlobalSection(SolutionProperties) = preSolution
		HideSolutionNode = FALSE
	EndGlobalSection
	GlobalSection(ExtensibilityGlobals) = postSolution
		SolutionGuid = {82E59C67-7BE5-4818-915F-3586CF20770D}
	EndGlobalSection
EndGlobal
